
Microsoft Visual Studio Solution File, Format Version 12.00
# Visual Studio Version 17
VisualStudioVersion = 17.5.33530.505
MinimumVisualStudioVersion = 10.0.40219.1
Project("{FAE04EC0-301F-11D3-BF4B-00C04F79EFBC}") = "ProjectDB", "ProjectDB.csproj", "{0D8BACBA-9837-4B2B-838A-CA6AAEF4ABC8}"
EndProject
Global
	GlobalSection(SolutionConfigurationPlatforms) = preSolution
		Debug|Any CPU = Debug|Any CPU
		Release|Any CPU = Release|Any CPU
	EndGlobalSection
	GlobalSection(ProjectConfigurationPlatforms) = postSolution
		{0D8BACBA-9837-4B2B-838A-CA6AAEF4ABC8}.Debug|Any CPU.ActiveCfg = Debug|Any CPU
		{0D8BACBA-9837-4B2B-838A-CA6AAEF4ABC8}.Debug|Any CPU.Build.0 = Debug|Any CPU
		{0D8BACBA-9837-4B2B-838A-CA6AAEF4ABC8}.Release|Any CPU.ActiveCfg = Release|Any CPU
		{0D8BACBA-9837-4B2B-838A-CA6AAEF4ABC8}.Release|Any CPU.Build.0 = Release|Any CPU
	EndGlobalSection
	GlobalSection(SolutionProperties) = preSolution
		HideSolutionNode = FALSE
	EndGlobalSection
	GlobalSection(ExtensibilityGlobals) = postSolution
		SolutionGuid = {55161E73-A5F0-49DF-BA71-A540CDF8966A}
	EndGlobalSection
EndGlobal
